// !$*UTF8*$!
{
	archiveVersion = 1;
	classes = {
	};
	objectVersion = 46;
	objects = {

/* Begin PBXBuildFile section */
		7CCC910B1A605D2A0084E532 /* AppDelegate.swift in Sources */ = {isa = PBXBuildFile; fileRef = 7CCC910A1A605D2A0084E532 /* AppDelegate.swift */; };
		7CCC910D1A605D2A0084E532 /* ViewController.swift in Sources */ = {isa = PBXBuildFile; fileRef = 7CCC910C1A605D2A0084E532 /* ViewController.swift */; };
		7CCC91101A605D2A0084E532 /* Main.storyboard in Resources */ = {isa = PBXBuildFile; fileRef = 7CCC910E1A605D2A0084E532 /* Main.storyboard */; };
		7CCC91211A605D2A0084E532 /* SummaryTests.swift in Sources */ = {isa = PBXBuildFile; fileRef = 7CCC91201A605D2A0084E532 /* SummaryTests.swift */; };
		7CCC912D1A60840A0084E532 /* Summary.swift in Sources */ = {isa = PBXBuildFile; fileRef = 7CCC912C1A60840A0084E532 /* Summary.swift */; };
		7CCC912E1A61AB060084E532 /* Summary.swift in Sources */ = {isa = PBXBuildFile; fileRef = 7CCC912C1A60840A0084E532 /* Summary.swift */; };
/* End PBXBuildFile section */

/* Begin PBXContainerItemProxy section */
		7CCC911B1A605D2A0084E532 /* PBXContainerItemProxy */ = {
			isa = PBXContainerItemProxy;
			containerPortal = 7CCC90FD1A605D2A0084E532 /* Project object */;
			proxyType = 1;
			remoteGlobalIDString = 7CCC91041A605D2A0084E532;
			remoteInfo = "swift-summary";
		};
/* End PBXContainerItemProxy section */

/* Begin PBXFileReference section */
		7CCC91051A605D2A0084E532 /* SwiftSummary.app */ = {isa = PBXFileReference; explicitFileType = wrapper.application; includeInIndex = 0; path = SwiftSummary.app; sourceTree = BUILT_PRODUCTS_DIR; };
		7CCC91091A605D2A0084E532 /* Info.plist */ = {isa = PBXFileReference; lastKnownFileType = text.plist.xml; path = Info.plist; sourceTree = "<group>"; };
		7CCC910A1A605D2A0084E532 /* AppDelegate.swift */ = {isa = PBXFileReference; lastKnownFileType = sourcecode.swift; path = AppDelegate.swift; sourceTree = "<group>"; };
		7CCC910C1A605D2A0084E532 /* ViewController.swift */ = {isa = PBXFileReference; lastKnownFileType = sourcecode.swift; path = ViewController.swift; sourceTree = "<group>"; };
		7CCC910F1A605D2A0084E532 /* Base */ = {isa = PBXFileReference; lastKnownFileType = file.storyboard; name = Base; path = Base.lproj/Main.storyboard; sourceTree = "<group>"; };
		7CCC911A1A605D2A0084E532 /* SwiftSummaryTests.xctest */ = {isa = PBXFileReference; explicitFileType = wrapper.cfbundle; includeInIndex = 0; path = SwiftSummaryTests.xctest; sourceTree = BUILT_PRODUCTS_DIR; };
		7CCC911F1A605D2A0084E532 /* Info.plist */ = {isa = PBXFileReference; lastKnownFileType = text.plist.xml; path = Info.plist; sourceTree = "<group>"; };
		7CCC91201A605D2A0084E532 /* SummaryTests.swift */ = {isa = PBXFileReference; lastKnownFileType = sourcecode.swift; path = SummaryTests.swift; sourceTree = "<group>"; };
		7CCC912C1A60840A0084E532 /* Summary.swift */ = {isa = PBXFileReference; fileEncoding = 4; lastKnownFileType = sourcecode.swift; path = Summary.swift; sourceTree = "<group>"; };
/* End PBXFileReference section */

/* Begin PBXFrameworksBuildPhase section */
		7CCC91021A605D2A0084E532 /* Frameworks */ = {
			isa = PBXFrameworksBuildPhase;
			buildActionMask = 2147483647;
			files = (
			);
			runOnlyForDeploymentPostprocessing = 0;
		};
		7CCC91171A605D2A0084E532 /* Frameworks */ = {
			isa = PBXFrameworksBuildPhase;
			buildActionMask = 2147483647;
			files = (
			);
			runOnlyForDeploymentPostprocessing = 0;
		};
/* End PBXFrameworksBuildPhase section */

/* Begin PBXGroup section */
		7C792F1C1A646F690004C3E2 /* Summary */ = {
			isa = PBXGroup;
			children = (
				7CCC912C1A60840A0084E532 /* Summary.swift */,
			);
			name = Summary;
			path = "swift-summary";
			sourceTree = "<group>";
		};
		7CCC90FC1A605D2A0084E532 = {
			isa = PBXGroup;
			children = (
				7C792F1C1A646F690004C3E2 /* Summary */,
				7CCC91071A605D2A0084E532 /* SwiftSummary */,
				7CCC911D1A605D2A0084E532 /* SwiftSummary */,
				7CCC91061A605D2A0084E532 /* Products */,
			);
			sourceTree = "<group>";
		};
		7CCC91061A605D2A0084E532 /* Products */ = {
			isa = PBXGroup;
			children = (
				7CCC91051A605D2A0084E532 /* SwiftSummary.app */,
				7CCC911A1A605D2A0084E532 /* SwiftSummaryTests.xctest */,
			);
			name = Products;
			sourceTree = "<group>";
		};
		7CCC91071A605D2A0084E532 /* SwiftSummary */ = {
			isa = PBXGroup;
			children = (
				7CCC910A1A605D2A0084E532 /* AppDelegate.swift */,
				7CCC910C1A605D2A0084E532 /* ViewController.swift */,
				7CCC910E1A605D2A0084E532 /* Main.storyboard */,
				7CCC91081A605D2A0084E532 /* Supporting Files */,
			);
			name = SwiftSummary;
			path = "swift-summary";
			sourceTree = "<group>";
		};
		7CCC91081A605D2A0084E532 /* Supporting Files */ = {
			isa = PBXGroup;
			children = (
				7CCC91091A605D2A0084E532 /* Info.plist */,
			);
			name = "Supporting Files";
			sourceTree = "<group>";
		};
		7CCC911D1A605D2A0084E532 /* SwiftSummary */ = {
			isa = PBXGroup;
			children = (
				7CCC91201A605D2A0084E532 /* SummaryTests.swift */,
				7CCC911E1A605D2A0084E532 /* Supporting Files */,
			);
			name = SwiftSummary;
			path = "swift-summaryTests";
			sourceTree = "<group>";
		};
		7CCC911E1A605D2A0084E532 /* Supporting Files */ = {
			isa = PBXGroup;
			children = (
				7CCC911F1A605D2A0084E532 /* Info.plist */,
			);
			name = "Supporting Files";
			sourceTree = "<group>";
		};
/* End PBXGroup section */

/* Begin PBXNativeTarget section */
		7CCC91041A605D2A0084E532 /* SwiftSummary */ = {
			isa = PBXNativeTarget;
			buildConfigurationList = 7CCC91241A605D2A0084E532 /* Build configuration list for PBXNativeTarget "SwiftSummary" */;
			buildPhases = (
				7CCC91011A605D2A0084E532 /* Sources */,
				7CCC91021A605D2A0084E532 /* Frameworks */,
				7CCC91031A605D2A0084E532 /* Resources */,
			);
			buildRules = (
			);
			dependencies = (
			);
			name = SwiftSummary;
			productName = "swift-summary";
			productReference = 7CCC91051A605D2A0084E532 /* SwiftSummary.app */;
			productType = "com.apple.product-type.application";
		};
		7CCC91191A605D2A0084E532 /* SwiftSummaryTests */ = {
			isa = PBXNativeTarget;
			buildConfigurationList = 7CCC91271A605D2A0084E532 /* Build configuration list for PBXNativeTarget "SwiftSummaryTests" */;
			buildPhases = (
				7CCC91161A605D2A0084E532 /* Sources */,
				7CCC91171A605D2A0084E532 /* Frameworks */,
				7CCC91181A605D2A0084E532 /* Resources */,
			);
			buildRules = (
			);
			dependencies = (
				7CCC911C1A605D2A0084E532 /* PBXTargetDependency */,
			);
			name = SwiftSummaryTests;
			productName = "swift-summaryTests";
			productReference = 7CCC911A1A605D2A0084E532 /* SwiftSummaryTests.xctest */;
			productType = "com.apple.product-type.bundle.unit-test";
		};
/* End PBXNativeTarget section */

/* Begin PBXProject section */
		7CCC90FD1A605D2A0084E532 /* Project object */ = {
			isa = PBXProject;
			attributes = {
				LastUpgradeCheck = 0610;
				ORGANIZATIONNAME = HHH;
				TargetAttributes = {
					7CCC91041A605D2A0084E532 = {
						CreatedOnToolsVersion = 6.1;
					};
					7CCC91191A605D2A0084E532 = {
						CreatedOnToolsVersion = 6.1;
						TestTargetID = 7CCC91041A605D2A0084E532;
					};
				};
			};
			buildConfigurationList = 7CCC91001A605D2A0084E532 /* Build configuration list for PBXProject "SwiftSummary" */;
			compatibilityVersion = "Xcode 3.2";
			developmentRegion = English;
			hasScannedForEncodings = 0;
			knownRegions = (
				en,
				Base,
			);
			mainGroup = 7CCC90FC1A605D2A0084E532;
			productRefGroup = 7CCC91061A605D2A0084E532 /* Products */;
			projectDirPath = "";
			projectRoot = "";
			targets = (
				7CCC91041A605D2A0084E532 /* SwiftSummary */,
				7CCC91191A605D2A0084E532 /* SwiftSummaryTests */,
			);
		};
/* End PBXProject section */

/* Begin PBXResourcesBuildPhase section */
		7CCC91031A605D2A0084E532 /* Resources */ = {
			isa = PBXResourcesBuildPhase;
			buildActionMask = 2147483647;
			files = (
				7CCC91101A605D2A0084E532 /* Main.storyboard in Resources */,
			);
			runOnlyForDeploymentPostprocessing = 0;
		};
		7CCC91181A605D2A0084E532 /* Resources */ = {
			isa = PBXResourcesBuildPhase;
			buildActionMask = 2147483647;
			files = (
			);
			runOnlyForDeploymentPostprocessing = 0;
		};
/* End PBXResourcesBuildPhase section */

/* Begin PBXSourcesBuildPhase section */
		7CCC91011A605D2A0084E532 /* Sources */ = {
			isa = PBXSourcesBuildPhase;
			buildActionMask = 2147483647;
			files = (
				7CCC910D1A605D2A0084E532 /* ViewController.swift in Sources */,
				7CCC912D1A60840A0084E532 /* Summary.swift in Sources */,
				7CCC910B1A605D2A0084E532 /* AppDelegate.swift in Sources */,
			);
			runOnlyForDeploymentPostprocessing = 0;
		};
		7CCC91161A605D2A0084E532 /* Sources */ = {
			isa = PBXSourcesBuildPhase;
			buildActionMask = 2147483647;
			files = (
				7CCC912E1A61AB060084E532 /* Summary.swift in Sources */,
				7CCC91211A605D2A0084E532 /* SummaryTests.swift in Sources */,
			);
			runOnlyForDeploymentPostprocessing = 0;
		};
/* End PBXSourcesBuildPhase section */

/* Begin PBXTargetDependency section */
		7CCC911C1A605D2A0084E532 /* PBXTargetDependency */ = {
			isa = PBXTargetDependency;
			target = 7CCC91041A605D2A0084E532 /* SwiftSummary */;
			targetProxy = 7CCC911B1A605D2A0084E532 /* PBXContainerItemProxy */;
		};
/* End PBXTargetDependency section */

/* Begin PBXVariantGroup section */
		7CCC910E1A605D2A0084E532 /* Main.storyboard */ = {
			isa = PBXVariantGroup;
			children = (
				7CCC910F1A605D2A0084E532 /* Base */,
			);
			name = Main.storyboard;
			sourceTree = "<group>";
		};
/* End PBXVariantGroup section */

/* Begin XCBuildConfiguration section */
		7CCC91221A605D2A0084E532 /* Debug */ = {
			isa = XCBuildConfiguration;
			buildSettings = {
				ALWAYS_SEARCH_USER_PATHS = NO;
				CLANG_CXX_LANGUAGE_STANDARD = "gnu++0x";
				CLANG_CXX_LIBRARY = "libc++";
				CLANG_ENABLE_MODULES = YES;
				CLANG_ENABLE_OBJC_ARC = YES;
				CLANG_WARN_BOOL_CONVERSION = YES;
				CLANG_WARN_CONSTANT_CONVERSION = YES;
				CLANG_WARN_DIRECT_OBJC_ISA_USAGE = YES_ERROR;
				CLANG_WARN_EMPTY_BODY = YES;
				CLANG_WARN_ENUM_CONVERSION = YES;
				CLANG_WARN_INT_CONVERSION = YES;
				CLANG_WARN_OBJC_ROOT_CLASS = YES_ERROR;
				CLANG_WARN_UNREACHABLE_CODE = YES;
				CLANG_WARN__DUPLICATE_METHOD_MATCH = YES;
				"CODE_SIGN_IDENTITY[sdk=iphoneos*]" = "iPhone Developer";
				COPY_PHASE_STRIP = NO;
				ENABLE_STRICT_OBJC_MSGSEND = YES;
				GCC_C_LANGUAGE_STANDARD = gnu99;
				GCC_DYNAMIC_NO_PIC = NO;
				GCC_OPTIMIZATION_LEVEL = 0;
				GCC_PREPROCESSOR_DEFINITIONS = (
					"DEBUG=1",
					"$(inherited)",
				);
				GCC_SYMBOLS_PRIVATE_EXTERN = NO;
				GCC_WARN_64_TO_32_BIT_CONVERSION = YES;
				GCC_WARN_ABOUT_RETURN_TYPE = YES_ERROR;
				GCC_WARN_UNDECLARED_SELECTOR = YES;
				GCC_WARN_UNINITIALIZED_AUTOS = YES_AGGRESSIVE;
				GCC_WARN_UNUSED_FUNCTION = YES;
				GCC_WARN_UNUSED_VARIABLE = YES;
				IPHONEOS_DEPLOYMENT_TARGET = 8.1;
				MTL_ENABLE_DEBUG_INFO = YES;
				ONLY_ACTIVE_ARCH = YES;
				SDKROOT = iphoneos;
				SWIFT_OPTIMIZATION_LEVEL = "-Onone";
			};
			name = Debug;
		};
		7CCC91231A605D2A0084E532 /* Release */ = {
			isa = XCBuildConfiguration;
			buildSettings = {
				ALWAYS_SEARCH_USER_PATHS = NO;
				CLANG_CXX_LANGUAGE_STANDARD = "gnu++0x";
				CLANG_CXX_LIBRARY = "libc++";
				CLANG_ENABLE_MODULES = YES;
				CLANG_ENABLE_OBJC_ARC = YES;
				CLANG_WARN_BOOL_CONVERSION = YES;
				CLANG_WARN_CONSTANT_CONVERSION = YES;
				CLANG_WARN_DIRECT_OBJC_ISA_USAGE = YES_ERROR;
				CLANG_WARN_EMPTY_BODY = YES;
				CLANG_WARN_ENUM_CONVERSION = YES;
				CLANG_WARN_INT_CONVERSION = YES;
				CLANG_WARN_OBJC_ROOT_CLASS = YES_ERROR;
				CLANG_WARN_UNREACHABLE_CODE = YES;
				CLANG_WARN__DUPLICATE_METHOD_MATCH = YES;
				"CODE_SIGN_IDENTITY[sdk=iphoneos*]" = "iPhone Developer";
				COPY_PHASE_STRIP = YES;
				ENABLE_NS_ASSERTIONS = NO;
				ENABLE_STRICT_OBJC_MSGSEND = YES;
				GCC_C_LANGUAGE_STANDARD = gnu99;
				GCC_WARN_64_TO_32_BIT_CONVERSION = YES;
				GCC_WARN_ABOUT_RETURN_TYPE = YES_ERROR;
				GCC_WARN_UNDECLARED_SELECTOR = YES;
				GCC_WARN_UNINITIALIZED_AUTOS = YES_AGGRESSIVE;
				GCC_WARN_UNUSED_FUNCTION = YES;
				GCC_WARN_UNUSED_VARIABLE = YES;
				IPHONEOS_DEPLOYMENT_TARGET = 8.1;
				MTL_ENABLE_DEBUG_INFO = NO;
				SDKROOT = iphoneos;
				VALIDATE_PRODUCT = YES;
			};
			name = Release;
		};
		7CCC91251A605D2A0084E532 /* Debug */ = {
			isa = XCBuildConfiguration;
			buildSettings = {
				ASSETCATALOG_COMPILER_APPICON_NAME = AppIcon;
				INFOPLIST_FILE = "swift-summary/Info.plist";
				LD_RUNPATH_SEARCH_PATHS = "$(inherited) @executable_path/Frameworks";
				PRODUCT_NAME = SwiftSummary;
			};
			name = Debug;
		};
		7CCC91261A605D2A0084E532 /* Release */ = {
			isa = XCBuildConfiguration;
			buildSettings = {
				ASSETCATALOG_COMPILER_APPICON_NAME = AppIcon;
				INFOPLIST_FILE = "swift-summary/Info.plist";
				LD_RUNPATH_SEARCH_PATHS = "$(inherited) @executable_path/Frameworks";
				PRODUCT_NAME = SwiftSummary;
			};
			name = Release;
		};
		7CCC91281A605D2A0084E532 /* Debug */ = {
			isa = XCBuildConfiguration;
			buildSettings = {
				BUNDLE_LOADER = "$(TEST_HOST)";
				FRAMEWORK_SEARCH_PATHS = (
					"$(SDKROOT)/Developer/Library/Frameworks",
					"$(inherited)",
				);
				GCC_PREPROCESSOR_DEFINITIONS = (
					"DEBUG=1",
					"$(inherited)",
				);
				INFOPLIST_FILE = "swift-summaryTests/Info.plist";
				LD_RUNPATH_SEARCH_PATHS = "$(inherited) @executable_path/Frameworks @loader_path/Frameworks";
				PRODUCT_NAME = SwiftSummaryTests;
				TEST_HOST = "$(BUILT_PRODUCTS_DIR)/swift-summary.app/swift-summary";
			};
			name = Debug;
		};
		7CCC91291A605D2A0084E532 /* Release */ = {
			isa = XCBuildConfiguration;
			buildSettings = {
				BUNDLE_LOADER = "$(TEST_HOST)";
				FRAMEWORK_SEARCH_PATHS = (
					"$(SDKROOT)/Developer/Library/Frameworks",
					"$(inherited)",
				);
				INFOPLIST_FILE = "swift-summaryTests/Info.plist";
				LD_RUNPATH_SEARCH_PATHS = "$(inherited) @executable_path/Frameworks @loader_path/Frameworks";
				PRODUCT_NAME = SwiftSummaryTests;
				TEST_HOST = "$(BUILT_PRODUCTS_DIR)/swift-summary.app/swift-summary";
			};
			name = Release;
		};
/* End XCBuildConfiguration section */

/* Begin XCConfigurationList section */
		7CCC91001A605D2A0084E532 /* Build configuration list for PBXProject "SwiftSummary" */ = {
			isa = XCConfigurationList;
			buildConfigurations = (
				7CCC91221A605D2A0084E532 /* Debug */,
				7CCC91231A605D2A0084E532 /* Release */,
			);
			defaultConfigurationIsVisible = 0;
			defaultConfigurationName = Release;
		};
		7CCC91241A605D2A0084E532 /* Build configuration list for PBXNativeTarget "SwiftSummary" */ = {
			isa = XCConfigurationList;
			buildConfigurations = (
				7CCC91251A605D2A0084E532 /* Debug */,
				7CCC91261A605D2A0084E532 /* Release */,
			);
			defaultConfigurationIsVisible = 0;
			defaultConfigurationName = Release;
		};
		7CCC91271A605D2A0084E532 /* Build configuration list for PBXNativeTarget "SwiftSummaryTests" */ = {
			isa = XCConfigurationList;
			buildConfigurations = (
				7CCC91281A605D2A0084E532 /* Debug */,
				7CCC91291A605D2A0084E532 /* Release */,
			);
			defaultConfigurationIsVisible = 0;
			defaultConfigurationName = Release;
		};
/* End XCConfigurationList section */
	};
	rootObject = 7CCC90FD1A605D2A0084E532 /* Project object */;
}
